
Microsoft Visual Studio Solution File, Format Version 12.00
# Visual Studio Version 16
VisualStudioVersion = 16.0.30002.166
MinimumVisualStudioVersion = 10.0.40219.1
Project("{FAE04EC0-301F-11D3-BF4B-00C04F79EFBC}") = "MyCalcLib", "MyCalcLib\MyCalcLib.csproj", "{1780A158-4D68-4ECD-A6BA-4BC6115D43BE}"
EndProject
Project("{FAE04EC0-301F-11D3-BF4B-00C04F79EFBC}") = "MyCalcLibTests", "MyCalcLibTests\MyCalcLibTests.csproj", "{C49D9F43-37A7-4C07-8799-5AB7D5E0C84C}"
EndProject
Project("{FAE04EC0-301F-11D3-BF4B-00C04F79EFBC}") = "UserRegistration", "UserRegistration\UserRegistration.csproj", "{1F819A46-DB69-4807-8509-8171D5AAAA3E}"
EndProject
Project("{FAE04EC0-301F-11D3-BF4B-00C04F79EFBC}") = "UserRegistration.Tests", "UserRegistration.Tests\UserRegistration.Tests.csproj", "{CC7A8B71-46BD-4A25-9B9B-CC9560AF4CA7}"
EndProject
Global
	GlobalSection(SolutionConfigurationPlatforms) = preSolution
		Debug|Any CPU = Debug|Any CPU
		Release|Any CPU = Release|Any CPU
	EndGlobalSection
	GlobalSection(ProjectConfigurationPlatforms) = postSolution
		{1780A158-4D68-4ECD-A6BA-4BC6115D43BE}.Debug|Any CPU.ActiveCfg = Debug|Any CPU
		{1780A158-4D68-4ECD-A6BA-4BC6115D43BE}.Debug|Any CPU.Build.0 = Debug|Any CPU
		{1780A158-4D68-4ECD-A6BA-4BC6115D43BE}.Release|Any CPU.ActiveCfg = Release|Any CPU
		{1780A158-4D68-4ECD-A6BA-4BC6115D43BE}.Release|Any CPU.Build.0 = Release|Any CPU
		{C49D9F43-37A7-4C07-8799-5AB7D5E0C84C}.Debug|Any CPU.ActiveCfg = Debug|Any CPU
		{C49D9F43-37A7-4C07-8799-5AB7D5E0C84C}.Debug|Any CPU.Build.0 = Debug|Any CPU
		{C49D9F43-37A7-4C07-8799-5AB7D5E0C84C}.Release|Any CPU.ActiveCfg = Release|Any CPU
		{C49D9F43-37A7-4C07-8799-5AB7D5E0C84C}.Release|Any CPU.Build.0 = Release|Any CPU
		{1F819A46-DB69-4807-8509-8171D5AAAA3E}.Debug|Any CPU.ActiveCfg = Debug|Any CPU
		{1F819A46-DB69-4807-8509-8171D5AAAA3E}.Debug|Any CPU.Build.0 = Debug|Any CPU
		{1F819A46-DB69-4807-8509-8171D5AAAA3E}.Release|Any CPU.ActiveCfg = Release|Any CPU
		{1F819A46-DB69-4807-8509-8171D5AAAA3E}.Release|Any CPU.Build.0 = Release|Any CPU
		{CC7A8B71-46BD-4A25-9B9B-CC9560AF4CA7}.Debug|Any CPU.ActiveCfg = Debug|Any CPU
		{CC7A8B71-46BD-4A25-9B9B-CC9560AF4CA7}.Debug|Any CPU.Build.0 = Debug|Any CPU
		{CC7A8B71-46BD-4A25-9B9B-CC9560AF4CA7}.Release|Any CPU.ActiveCfg = Release|Any CPU
		{CC7A8B71-46BD-4A25-9B9B-CC9560AF4CA7}.Release|Any CPU.Build.0 = Release|Any CPU
	EndGlobalSection
	GlobalSection(SolutionProperties) = preSolution
		HideSolutionNode = FALSE
	EndGlobalSection
	GlobalSection(ExtensibilityGlobals) = postSolution
		SolutionGuid = {AE6AD4C8-53F6-41C3-AEFD-04701AC2C5EA}
	EndGlobalSection
EndGlobal
